
Microsoft Visual Studio Solution File, Format Version 12.00
# Visual Studio Version 17
VisualStudioVersion = 17.1.32210.238
MinimumVisualStudioVersion = 10.0.40219.1
Project("{9A19103F-16F7-4668-BE54-9A1E7A4F7556}") = "eWolfSiteBuilder", "eWolfSiteBuilder\eWolfSiteBuilder.csproj", "{177035EE-6AC8-4CEA-A4CC-4E8841DE419C}"
EndProject
Project("{2150E333-8FDC-42A3-9474-1A3956D46DE8}") = "Common", "Common", "{815095E7-4966-4533-ACAA-CB0C1D0E21E5}"
EndProject
Project("{9A19103F-16F7-4668-BE54-9A1E7A4F7556}") = "eWolfBootstrap", "..\eWolfApps\Common\eWolfBootstrap\eWolfBootstrap.csproj", "{04C29DE6-1F8C-43EB-B188-A5305678803A}"
EndProject
Project("{9A19103F-16F7-4668-BE54-9A1E7A4F7556}") = "eWolfCommon", "..\eWolfApps\Common\eWolfCommon\eWolfCommon.csproj", "{309194FC-F79D-4BE7-9E09-146D9562D708}"
EndProject
Project("{2150E333-8FDC-42A3-9474-1A3956D46DE8}") = "Solution Items", "Solution Items", "{8850BF15-9E35-498C-949D-5D562A158E77}"
EndProject
Project("{FAE04EC0-301F-11D3-BF4B-00C04F79EFBC}") = "eWolfAudioSiteBuilder", "eWolfAudioSiteBuilder\eWolfAudioSiteBuilder.csproj", "{77B0B9A2-CD71-4085-871C-530B732CE3EA}"
EndProject
Global
	GlobalSection(SolutionConfigurationPlatforms) = preSolution
		Debug|Any CPU = Debug|Any CPU
		Release|Any CPU = Release|Any CPU
	EndGlobalSection
	GlobalSection(ProjectConfigurationPlatforms) = postSolution
		{177035EE-6AC8-4CEA-A4CC-4E8841DE419C}.Debug|Any CPU.ActiveCfg = Debug|Any CPU
		{177035EE-6AC8-4CEA-A4CC-4E8841DE419C}.Debug|Any CPU.Build.0 = Debug|Any CPU
		{177035EE-6AC8-4CEA-A4CC-4E8841DE419C}.Release|Any CPU.ActiveCfg = Release|Any CPU
		{177035EE-6AC8-4CEA-A4CC-4E8841DE419C}.Release|Any CPU.Build.0 = Release|Any CPU
		{04C29DE6-1F8C-43EB-B188-A5305678803A}.Debug|Any CPU.ActiveCfg = Debug|Any CPU
		{04C29DE6-1F8C-43EB-B188-A5305678803A}.Debug|Any CPU.Build.0 = Debug|Any CPU
		{04C29DE6-1F8C-43EB-B188-A5305678803A}.Release|Any CPU.ActiveCfg = Release|Any CPU
		{04C29DE6-1F8C-43EB-B188-A5305678803A}.Release|Any CPU.Build.0 = Release|Any CPU
		{309194FC-F79D-4BE7-9E09-146D9562D708}.Debug|Any CPU.ActiveCfg = Debug|Any CPU
		{309194FC-F79D-4BE7-9E09-146D9562D708}.Debug|Any CPU.Build.0 = Debug|Any CPU
		{309194FC-F79D-4BE7-9E09-146D9562D708}.Release|Any CPU.ActiveCfg = Release|Any CPU
		{309194FC-F79D-4BE7-9E09-146D9562D708}.Release|Any CPU.Build.0 = Release|Any CPU
		{77B0B9A2-CD71-4085-871C-530B732CE3EA}.Debug|Any CPU.ActiveCfg = Debug|Any CPU
		{77B0B9A2-CD71-4085-871C-530B732CE3EA}.Debug|Any CPU.Build.0 = Debug|Any CPU
		{77B0B9A2-CD71-4085-871C-530B732CE3EA}.Release|Any CPU.ActiveCfg = Release|Any CPU
		{77B0B9A2-CD71-4085-871C-530B732CE3EA}.Release|Any CPU.Build.0 = Release|Any CPU
	EndGlobalSection
	GlobalSection(SolutionProperties) = preSolution
		HideSolutionNode = FALSE
	EndGlobalSection
	GlobalSection(NestedProjects) = preSolution
		{04C29DE6-1F8C-43EB-B188-A5305678803A} = {815095E7-4966-4533-ACAA-CB0C1D0E21E5}
		{309194FC-F79D-4BE7-9E09-146D9562D708} = {815095E7-4966-4533-ACAA-CB0C1D0E21E5}
	EndGlobalSection
	GlobalSection(ExtensibilityGlobals) = postSolution
		SolutionGuid = {4DCD2757-EF41-4F1F-8479-D903B5EA4F6D}
	EndGlobalSection
EndGlobal
